Microsoft Visual Studio Solution File, Format Version 12.00
# Visual Studio Version 17
VisualStudioVersion = 17.0.31903.59
MinimumVisualStudioVersion = 10.0.40219.1
Project("{9A19103F-16F7-4668-BE54-9A1E7A4F7556}") = "RegioPlayer.Core", "src\RegioPlayer.Core\RegioPlayer.Core.csproj", "{A1B2C3D4-E5F6-7890-ABCD-EF1234567890}"
EndProject
Project("{9A19103F-16F7-4668-BE54-9A1E7A4F7556}") = "RegioPlayer.Infrastructure", "src\RegioPlayer.Infrastructure\RegioPlayer.Infrastructure.csproj", "{D3E59785-F012-4706-89B7-0083736A996E}"
EndProject
Project("{9A19103F-16F7-4668-BE54-9A1E7A4F7556}") = "RegioPlayer.UI", "src\RegioPlayer.UI\RegioPlayer.UI.csproj", "{6A94EFF0-DD29-415A-9BCD-D4D6F3157B9B}"
EndProject
Project("{9A19103F-16F7-4668-BE54-9A1E7A4F7556}") = "RegioPlayer.Windows", "src\RegioPlayer.Windows\RegioPlayer.Windows.csproj", "{752CC966-6EA1-4A56-84D8-2FD7B5E48DDF}"
EndProject
Project("{2150E333-8FDC-42A3-9474-1A3956D46DE8}") = "tests", "tests", "{656E3F58-D3A2-4872-B78D-6C5284C45553}"
EndProject
Project("{9A19103F-16F7-4668-BE54-9A1E7A4F7556}") = "RegioPlayer.Tests", "tests\RegioPlayer.Tests\RegioPlayer.Tests.csproj", "{1A9F9B87-4A54-4195-913D-E45AC8AFB2EB}"
EndProject
Global
	GlobalSection(SolutionConfigurationPlatforms) = preSolution
		Debug|Any CPU = Debug|Any CPU
		Release|Any CPU = Release|Any CPU
	EndGlobalSection
	GlobalSection(ProjectConfigurationPlatforms) = postSolution
		{A1B2C3D4-E5F6-7890-ABCD-EF1234567890}.Debug|Any CPU.ActiveCfg = Debug|Any CPU
		{A1B2C3D4-E5F6-7890-ABCD-EF1234567890}.Debug|Any CPU.Build.0 = Debug|Any CPU
		{A1B2C3D4-E5F6-7890-ABCD-EF1234567890}.Release|Any CPU.ActiveCfg = Release|Any CPU
		{A1B2C3D4-E5F6-7890-ABCD-EF1234567890}.Release|Any CPU.Build.0 = Release|Any CPU
		{D3E59785-F012-4706-89B7-0083736A996E}.Debug|Any CPU.ActiveCfg = Debug|Any CPU
		{D3E59785-F012-4706-89B7-0083736A996E}.Debug|Any CPU.Build.0 = Debug|Any CPU
		{D3E59785-F012-4706-89B7-0083736A996E}.Release|Any CPU.ActiveCfg = Release|Any CPU
		{D3E59785-F012-4706-89B7-0083736A996E}.Release|Any CPU.Build.0 = Release|Any CPU
		{6A94EFF0-DD29-415A-9BCD-D4D6F3157B9B}.Debug|Any CPU.ActiveCfg = Debug|Any CPU
		{6A94EFF0-DD29-415A-9BCD-D4D6F3157B9B}.Debug|Any CPU.Build.0 = Debug|Any CPU
		{6A94EFF0-DD29-415A-9BCD-D4D6F3157B9B}.Release|Any CPU.ActiveCfg = Release|Any CPU
		{6A94EFF0-DD29-415A-9BCD-D4D6F3157B9B}.Release|Any CPU.Build.0 = Release|Any CPU
		{752CC966-6EA1-4A56-84D8-2FD7B5E48DDF}.Debug|Any CPU.ActiveCfg = Debug|Any CPU
		{752CC966-6EA1-4A56-84D8-2FD7B5E48DDF}.Debug|Any CPU.Build.0 = Debug|Any CPU
		{752CC966-6EA1-4A56-84D8-2FD7B5E48DDF}.Release|Any CPU.ActiveCfg = Release|Any CPU
		{752CC966-6EA1-4A56-84D8-2FD7B5E48DDF}.Release|Any CPU.Build.0 = Release|Any CPU
		{1A9F9B87-4A54-4195-913D-E45AC8AFB2EB}.Debug|Any CPU.ActiveCfg = Debug|Any CPU
		{1A9F9B87-4A54-4195-913D-E45AC8AFB2EB}.Debug|Any CPU.Build.0 = Debug|Any CPU
		{1A9F9B87-4A54-4195-913D-E45AC8AFB2EB}.Release|Any CPU.ActiveCfg = Release|Any CPU
		{1A9F9B87-4A54-4195-913D-E45AC8AFB2EB}.Release|Any CPU.Build.0 = Release|Any CPU
	EndGlobalSection
	GlobalSection(SolutionProperties) = preSolution
		HideSolutionNode = FALSE
	EndGlobalSection
	GlobalSection(ExtensibilityGlobals) = postSolution
		SolutionGuid = {12345678-1234-1234-1234-123456789ABC}
	EndGlobalSection
EndGlobal
